// !$*UTF8*$!
{
	archiveVersion = 1;
	classes = {
	};
	objectVersion = 56;
	objects = {

/* Begin PBXBuildFile section */
		896AF6A72AE404FC00B8F3C7 /* AppDelegate.swift in Sources */ = {isa = PBXBuildFile; fileRef = 896AF6A62AE404FC00B8F3C7 /* AppDelegate.swift */; };
		896AF6A92AE404FC00B8F3C7 /* SceneDelegate.swift in Sources */ = {isa = PBXBuildFile; fileRef = 896AF6A82AE404FC00B8F3C7 /* SceneDelegate.swift */; };
		896AF6AB2AE404FC00B8F3C7 /* HomeViewController.swift in Sources */ = {isa = PBXBuildFile; fileRef = 896AF6AA2AE404FC00B8F3C7 /* HomeViewController.swift */; };
		896AF6B02AE404FE00B8F3C7 /* Assets.xcassets in Resources */ = {isa = PBXBuildFile; fileRef = 896AF6AF2AE404FE00B8F3C7 /* Assets.xcassets */; };
		896AF6B32AE404FE00B8F3C7 /* LaunchScreen.storyboard in Resources */ = {isa = PBXBuildFile; fileRef = 896AF6B12AE404FE00B8F3C7 /* LaunchScreen.storyboard */; };
		896AF6BC2AE407CE00B8F3C7 /* GenericViewController.swift in Sources */ = {isa = PBXBuildFile; fileRef = 896AF6BB2AE407CE00B8F3C7 /* GenericViewController.swift */; };
		896AF6C82AE409F200B8F3C7 /* HomeView.swift in Sources */ = {isa = PBXBuildFile; fileRef = 896AF6C72AE409F200B8F3C7 /* HomeView.swift */; };
		896AF6CC2AE40BF800B8F3C7 /* UIView-layoutConstraints.swift in Sources */ = {isa = PBXBuildFile; fileRef = 896AF6CB2AE40BF800B8F3C7 /* UIView-layoutConstraints.swift */; };
		896AF6D12AE40FA100B8F3C7 /* HomeModel.swift in Sources */ = {isa = PBXBuildFile; fileRef = 896AF6D02AE40FA100B8F3C7 /* HomeModel.swift */; };
		896AF6D32AE4147D00B8F3C7 /* SectionModel.swift in Sources */ = {isa = PBXBuildFile; fileRef = 896AF6D22AE4147D00B8F3C7 /* SectionModel.swift */; };
		896AF6D52AE4148A00B8F3C7 /* ProductModel.swift in Sources */ = {isa = PBXBuildFile; fileRef = 896AF6D42AE4148A00B8F3C7 /* ProductModel.swift */; };
		896AF6D72AE4149A00B8F3C7 /* StoreModel.swift in Sources */ = {isa = PBXBuildFile; fileRef = 896AF6D62AE4149A00B8F3C7 /* StoreModel.swift */; };
		896AF6DB2AE414C300B8F3C7 /* HomeViewModel.swift in Sources */ = {isa = PBXBuildFile; fileRef = 896AF6DA2AE414C300B8F3C7 /* HomeViewModel.swift */; };
		896AF6DE2AE41FC800B8F3C7 /* HomeLayoutSection-Protocol.swift in Sources */ = {isa = PBXBuildFile; fileRef = 896AF6DD2AE41FC800B8F3C7 /* HomeLayoutSection-Protocol.swift */; };
		896AF6E02AE4235600B8F3C7 /* ProductsSection.swift in Sources */ = {isa = PBXBuildFile; fileRef = 896AF6DF2AE4235600B8F3C7 /* ProductsSection.swift */; };
		896AF6E22AE4399600B8F3C7 /* Optional-isEmptyOrNil.swift in Sources */ = {isa = PBXBuildFile; fileRef = 896AF6E12AE4399600B8F3C7 /* Optional-isEmptyOrNil.swift */; };
		896AF6E42AE47F6900B8F3C7 /* BannersSection.swift in Sources */ = {isa = PBXBuildFile; fileRef = 896AF6E32AE47F6900B8F3C7 /* BannersSection.swift */; };
		896AF6E62AE480A600B8F3C7 /* MenuItemModel.swift in Sources */ = {isa = PBXBuildFile; fileRef = 896AF6E52AE480A600B8F3C7 /* MenuItemModel.swift */; };
		896AF6E82AE4821400B8F3C7 /* MenuSection.swift in Sources */ = {isa = PBXBuildFile; fileRef = 896AF6E72AE4821400B8F3C7 /* MenuSection.swift */; };
		896AF6EA2AE4834600B8F3C7 /* StoresSection.swift in Sources */ = {isa = PBXBuildFile; fileRef = 896AF6E92AE4834600B8F3C7 /* StoresSection.swift */; };
		896AF6EC2AE4838900B8F3C7 /* OffersSection.swift in Sources */ = {isa = PBXBuildFile; fileRef = 896AF6EB2AE4838900B8F3C7 /* OffersSection.swift */; };
		896AF6EE2AE483E100B8F3C7 /* PromotedSection.swift in Sources */ = {isa = PBXBuildFile; fileRef = 896AF6ED2AE483E100B8F3C7 /* PromotedSection.swift */; };
		896AF6F02AE48BF700B8F3C7 /* Bundle-decode.swift in Sources */ = {isa = PBXBuildFile; fileRef = 896AF6EF2AE48BF700B8F3C7 /* Bundle-decode.swift */; };
		896AF6F32AE48DC800B8F3C7 /* HomeModelData.json in Resources */ = {isa = PBXBuildFile; fileRef = 896AF6F22AE48DC700B8F3C7 /* HomeModelData.json */; };
		896AF6F92AE538AD00B8F3C7 /* MenuItemCellView.swift in Sources */ = {isa = PBXBuildFile; fileRef = 896AF6F82AE538AD00B8F3C7 /* MenuItemCellView.swift */; };
		896AF6FB2AE5391700B8F3C7 /* GenericCollectionViewCell.swift in Sources */ = {isa = PBXBuildFile; fileRef = 896AF6FA2AE5391700B8F3C7 /* GenericCollectionViewCell.swift */; };
		896AF6FD2AE5393200B8F3C7 /* GenericCollectionReusableView.swift in Sources */ = {isa = PBXBuildFile; fileRef = 896AF6FC2AE5393200B8F3C7 /* GenericCollectionReusableView.swift */; };
		896AF7002AE539C500B8F3C7 /* MenuItemCell.swift in Sources */ = {isa = PBXBuildFile; fileRef = 896AF6FF2AE539C500B8F3C7 /* MenuItemCell.swift */; };
		896AF7032AE5678F00B8F3C7 /* BannerCellView.swift in Sources */ = {isa = PBXBuildFile; fileRef = 896AF7022AE5678F00B8F3C7 /* BannerCellView.swift */; };
		896AF7052AE567DD00B8F3C7 /* BannerCell.swift in Sources */ = {isa = PBXBuildFile; fileRef = 896AF7042AE567DD00B8F3C7 /* BannerCell.swift */; };
		896AF7082AE56E0700B8F3C7 /* StoreCellView.swift in Sources */ = {isa = PBXBuildFile; fileRef = 896AF7072AE56E0700B8F3C7 /* StoreCellView.swift */; };
		896AF70A2AE56E4B00B8F3C7 /* StoreCell.swift in Sources */ = {isa = PBXBuildFile; fileRef = 896AF7092AE56E4B00B8F3C7 /* StoreCell.swift */; };
		896AF70D2AE572C100B8F3C7 /* TitleHeaderView.swift in Sources */ = {isa = PBXBuildFile; fileRef = 896AF70C2AE572C100B8F3C7 /* TitleHeaderView.swift */; };
		896AF70F2AE5731700B8F3C7 /* TitleHeader.swift in Sources */ = {isa = PBXBuildFile; fileRef = 896AF70E2AE5731700B8F3C7 /* TitleHeader.swift */; };
		896AF7112AE5762F00B8F3C7 /* UIImage-resizeImage.swift in Sources */ = {isa = PBXBuildFile; fileRef = 896AF7102AE5762F00B8F3C7 /* UIImage-resizeImage.swift */; };
/* End PBXBuildFile section */

/* Begin PBXFileReference section */
		896AF6A32AE404FC00B8F3C7 /* Customizable Interface.app */ = {isa = PBXFileReference; explicitFileType = wrapper.application; includeInIndex = 0; path = "Customizable Interface.app"; sourceTree = BUILT_PRODUCTS_DIR; };
		896AF6A62AE404FC00B8F3C7 /* AppDelegate.swift */ = {isa = PBXFileReference; lastKnownFileType = sourcecode.swift; path = AppDelegate.swift; sourceTree = "<group>"; };
		896AF6A82AE404FC00B8F3C7 /* SceneDelegate.swift */ = {isa = PBXFileReference; lastKnownFileType = sourcecode.swift; path = SceneDelegate.swift; sourceTree = "<group>"; };
		896AF6AA2AE404FC00B8F3C7 /* HomeViewController.swift */ = {isa = PBXFileReference; lastKnownFileType = sourcecode.swift; path = HomeViewController.swift; sourceTree = "<group>"; };
		896AF6AF2AE404FE00B8F3C7 /* Assets.xcassets */ = {isa = PBXFileReference; lastKnownFileType = folder.assetcatalog; path = Assets.xcassets; sourceTree = "<group>"; };
		896AF6B22AE404FE00B8F3C7 /* Base */ = {isa = PBXFileReference; lastKnownFileType = file.storyboard; name = Base; path = Base.lproj/LaunchScreen.storyboard; sourceTree = "<group>"; };
		896AF6B42AE404FE00B8F3C7 /* Info.plist */ = {isa = PBXFileReference; lastKnownFileType = text.plist.xml; path = Info.plist; sourceTree = "<group>"; };
		896AF6BB2AE407CE00B8F3C7 /* GenericViewController.swift */ = {isa = PBXFileReference; lastKnownFileType = sourcecode.swift; path = GenericViewController.swift; sourceTree = "<group>"; };
		896AF6C72AE409F200B8F3C7 /* HomeView.swift */ = {isa = PBXFileReference; lastKnownFileType = sourcecode.swift; path = HomeView.swift; sourceTree = "<group>"; };
		896AF6CB2AE40BF800B8F3C7 /* UIView-layoutConstraints.swift */ = {isa = PBXFileReference; lastKnownFileType = sourcecode.swift; path = "UIView-layoutConstraints.swift"; sourceTree = "<group>"; };
		896AF6D02AE40FA100B8F3C7 /* HomeModel.swift */ = {isa = PBXFileReference; lastKnownFileType = sourcecode.swift; path = HomeModel.swift; sourceTree = "<group>"; };
		896AF6D22AE4147D00B8F3C7 /* SectionModel.swift */ = {isa = PBXFileReference; lastKnownFileType = sourcecode.swift; path = SectionModel.swift; sourceTree = "<group>"; };
		896AF6D42AE4148A00B8F3C7 /* ProductModel.swift */ = {isa = PBXFileReference; lastKnownFileType = sourcecode.swift; path = ProductModel.swift; sourceTree = "<group>"; };
		896AF6D62AE4149A00B8F3C7 /* StoreModel.swift */ = {isa = PBXFileReference; lastKnownFileType = sourcecode.swift; path = StoreModel.swift; sourceTree = "<group>"; };
		896AF6DA2AE414C300B8F3C7 /* HomeViewModel.swift */ = {isa = PBXFileReference; lastKnownFileType = sourcecode.swift; path = HomeViewModel.swift; sourceTree = "<group>"; };
		896AF6DD2AE41FC800B8F3C7 /* HomeLayoutSection-Protocol.swift */ = {isa = PBXFileReference; lastKnownFileType = sourcecode.swift; path = "HomeLayoutSection-Protocol.swift"; sourceTree = "<group>"; };
		896AF6DF2AE4235600B8F3C7 /* ProductsSection.swift */ = {isa = PBXFileReference; lastKnownFileType = sourcecode.swift; path = ProductsSection.swift; sourceTree = "<group>"; };
		896AF6E12AE4399600B8F3C7 /* Optional-isEmptyOrNil.swift */ = {isa = PBXFileReference; lastKnownFileType = sourcecode.swift; path = "Optional-isEmptyOrNil.swift"; sourceTree = "<group>"; };
		896AF6E32AE47F6900B8F3C7 /* BannersSection.swift */ = {isa = PBXFileReference; lastKnownFileType = sourcecode.swift; path = BannersSection.swift; sourceTree = "<group>"; };
		896AF6E52AE480A600B8F3C7 /* MenuItemModel.swift */ = {isa = PBXFileReference; lastKnownFileType = sourcecode.swift; path = MenuItemModel.swift; sourceTree = "<group>"; };
		896AF6E72AE4821400B8F3C7 /* MenuSection.swift */ = {isa = PBXFileReference; lastKnownFileType = sourcecode.swift; path = MenuSection.swift; sourceTree = "<group>"; };
		896AF6E92AE4834600B8F3C7 /* StoresSection.swift */ = {isa = PBXFileReference; lastKnownFileType = sourcecode.swift; path = StoresSection.swift; sourceTree = "<group>"; };
		896AF6EB2AE4838900B8F3C7 /* OffersSection.swift */ = {isa = PBXFileReference; lastKnownFileType = sourcecode.swift; path = OffersSection.swift; sourceTree = "<group>"; };
		896AF6ED2AE483E100B8F3C7 /* PromotedSection.swift */ = {isa = PBXFileReference; lastKnownFileType = sourcecode.swift; path = PromotedSection.swift; sourceTree = "<group>"; };
		896AF6EF2AE48BF700B8F3C7 /* Bundle-decode.swift */ = {isa = PBXFileReference; lastKnownFileType = sourcecode.swift; path = "Bundle-decode.swift"; sourceTree = "<group>"; };
		896AF6F22AE48DC700B8F3C7 /* HomeModelData.json */ = {isa = PBXFileReference; fileEncoding = 4; lastKnownFileType = text.json; path = HomeModelData.json; sourceTree = "<group>"; };
		896AF6F82AE538AD00B8F3C7 /* MenuItemCellView.swift */ = {isa = PBXFileReference; lastKnownFileType = sourcecode.swift; path = MenuItemCellView.swift; sourceTree = "<group>"; };
		896AF6FA2AE5391700B8F3C7 /* GenericCollectionViewCell.swift */ = {isa = PBXFileReference; lastKnownFileType = sourcecode.swift; path = GenericCollectionViewCell.swift; sourceTree = "<group>"; };
		896AF6FC2AE5393200B8F3C7 /* GenericCollectionReusableView.swift */ = {isa = PBXFileReference; lastKnownFileType = sourcecode.swift; path = GenericCollectionReusableView.swift; sourceTree = "<group>"; };
		896AF6FF2AE539C500B8F3C7 /* MenuItemCell.swift */ = {isa = PBXFileReference; lastKnownFileType = sourcecode.swift; path = MenuItemCell.swift; sourceTree = "<group>"; };
		896AF7022AE5678F00B8F3C7 /* BannerCellView.swift */ = {isa = PBXFileReference; lastKnownFileType = sourcecode.swift; path = BannerCellView.swift; sourceTree = "<group>"; };
		896AF7042AE567DD00B8F3C7 /* BannerCell.swift */ = {isa = PBXFileReference; lastKnownFileType = sourcecode.swift; path = BannerCell.swift; sourceTree = "<group>"; };
		896AF7072AE56E0700B8F3C7 /* StoreCellView.swift */ = {isa = PBXFileReference; lastKnownFileType = sourcecode.swift; path = StoreCellView.swift; sourceTree = "<group>"; };
		896AF7092AE56E4B00B8F3C7 /* StoreCell.swift */ = {isa = PBXFileReference; lastKnownFileType = sourcecode.swift; path = StoreCell.swift; sourceTree = "<group>"; };
		896AF70C2AE572C100B8F3C7 /* TitleHeaderView.swift */ = {isa = PBXFileReference; lastKnownFileType = sourcecode.swift; path = TitleHeaderView.swift; sourceTree = "<group>"; };
		896AF70E2AE5731700B8F3C7 /* TitleHeader.swift */ = {isa = PBXFileReference; lastKnownFileType = sourcecode.swift; path = TitleHeader.swift; sourceTree = "<group>"; };
		896AF7102AE5762F00B8F3C7 /* UIImage-resizeImage.swift */ = {isa = PBXFileReference; lastKnownFileType = sourcecode.swift; path = "UIImage-resizeImage.swift"; sourceTree = "<group>"; };
/* End PBXFileReference section */

/* Begin PBXFrameworksBuildPhase section */
		896AF6A02AE404FC00B8F3C7 /* Frameworks */ = {
			isa = PBXFrameworksBuildPhase;
			buildActionMask = 2147483647;
			files = (
			);
			runOnlyForDeploymentPostprocessing = 0;
		};
/* End PBXFrameworksBuildPhase section */

/* Begin PBXGroup section */
		896AF69A2AE404FC00B8F3C7 = {
			isa = PBXGroup;
			children = (
				896AF6A52AE404FC00B8F3C7 /* Customizable Interface */,
				896AF6A42AE404FC00B8F3C7 /* Products */,
			);
			sourceTree = "<group>";
		};
		896AF6A42AE404FC00B8F3C7 /* Products */ = {
			isa = PBXGroup;
			children = (
				896AF6A32AE404FC00B8F3C7 /* Customizable Interface.app */,
			);
			name = Products;
			sourceTree = "<group>";
		};
		896AF6A52AE404FC00B8F3C7 /* Customizable Interface */ = {
			isa = PBXGroup;
			children = (
				896AF6A62AE404FC00B8F3C7 /* AppDelegate.swift */,
				896AF6A82AE404FC00B8F3C7 /* SceneDelegate.swift */,
				896AF6CA2AE40BC000B8F3C7 /* Extensions */,
				896AF6BA2AE407B600B8F3C7 /* Classes */,
				896AF6F62AE5383500B8F3C7 /* Reusables */,
				896AF6C22AE408E100B8F3C7 /* Models */,
				896AF6BD2AE4085F00B8F3C7 /* Views */,
				896AF6F22AE48DC700B8F3C7 /* HomeModelData.json */,
				896AF6AF2AE404FE00B8F3C7 /* Assets.xcassets */,
				896AF6B12AE404FE00B8F3C7 /* LaunchScreen.storyboard */,
				896AF6B42AE404FE00B8F3C7 /* Info.plist */,
			);
			path = "Customizable Interface";
			sourceTree = "<group>";
		};
		896AF6BA2AE407B600B8F3C7 /* Classes */ = {
			isa = PBXGroup;
			children = (
				896AF6BB2AE407CE00B8F3C7 /* GenericViewController.swift */,
				896AF6FA2AE5391700B8F3C7 /* GenericCollectionViewCell.swift */,
				896AF6FC2AE5393200B8F3C7 /* GenericCollectionReusableView.swift */,
			);
			path = Classes;
			sourceTree = "<group>";
		};
		896AF6BD2AE4085F00B8F3C7 /* Views */ = {
			isa = PBXGroup;
			children = (
				896AF6C12AE408B800B8F3C7 /* HomeView */,
			);
			path = Views;
			sourceTree = "<group>";
		};
		896AF6C12AE408B800B8F3C7 /* HomeView */ = {
			isa = PBXGroup;
			children = (
				896AF6C72AE409F200B8F3C7 /* HomeView.swift */,
				896AF6AA2AE404FC00B8F3C7 /* HomeViewController.swift */,
				896AF6DA2AE414C300B8F3C7 /* HomeViewModel.swift */,
				896AF6DC2AE41FBD00B8F3C7 /* Sections */,
			);
			path = HomeView;
			sourceTree = "<group>";
		};
		896AF6C22AE408E100B8F3C7 /* Models */ = {
			isa = PBXGroup;
			children = (
				896AF6D02AE40FA100B8F3C7 /* HomeModel.swift */,
				896AF6D62AE4149A00B8F3C7 /* StoreModel.swift */,
				896AF6D22AE4147D00B8F3C7 /* SectionModel.swift */,
				896AF6D42AE4148A00B8F3C7 /* ProductModel.swift */,
				896AF6E52AE480A600B8F3C7 /* MenuItemModel.swift */,
			);
			path = Models;
			sourceTree = "<group>";
		};
		896AF6CA2AE40BC000B8F3C7 /* Extensions */ = {
			isa = PBXGroup;
			children = (
				896AF6CB2AE40BF800B8F3C7 /* UIView-layoutConstraints.swift */,
				896AF6E12AE4399600B8F3C7 /* Optional-isEmptyOrNil.swift */,
				896AF6EF2AE48BF700B8F3C7 /* Bundle-decode.swift */,
				896AF7102AE5762F00B8F3C7 /* UIImage-resizeImage.swift */,
			);
			path = Extensions;
			sourceTree = "<group>";
		};
		896AF6DC2AE41FBD00B8F3C7 /* Sections */ = {
			isa = PBXGroup;
			children = (
				896AF6DD2AE41FC800B8F3C7 /* HomeLayoutSection-Protocol.swift */,
				896AF6E72AE4821400B8F3C7 /* MenuSection.swift */,
				896AF6ED2AE483E100B8F3C7 /* PromotedSection.swift */,
				896AF6EB2AE4838900B8F3C7 /* OffersSection.swift */,
				896AF6E92AE4834600B8F3C7 /* StoresSection.swift */,
				896AF6DF2AE4235600B8F3C7 /* ProductsSection.swift */,
				896AF6E32AE47F6900B8F3C7 /* BannersSection.swift */,
			);
			path = Sections;
			sourceTree = "<group>";
		};
		896AF6F62AE5383500B8F3C7 /* Reusables */ = {
			isa = PBXGroup;
			children = (
				896AF70B2AE572B700B8F3C7 /* TitleHeader */,
				896AF7062AE56E0000B8F3C7 /* StoreCell */,
				896AF7012AE5678400B8F3C7 /* BannerCell */,
				896AF6F72AE5389C00B8F3C7 /* MenuItemCell */,
			);
			path = Reusables;
			sourceTree = "<group>";
		};
		896AF6F72AE5389C00B8F3C7 /* MenuItemCell */ = {
			isa = PBXGroup;
			children = (
				896AF6F82AE538AD00B8F3C7 /* MenuItemCellView.swift */,
				896AF6FF2AE539C500B8F3C7 /* MenuItemCell.swift */,
			);
			path = MenuItemCell;
			sourceTree = "<group>";
		};
		896AF7012AE5678400B8F3C7 /* BannerCell */ = {
			isa = PBXGroup;
			children = (
				896AF7022AE5678F00B8F3C7 /* BannerCellView.swift */,
				896AF7042AE567DD00B8F3C7 /* BannerCell.swift */,
			);
			path = BannerCell;
			sourceTree = "<group>";
		};
		896AF7062AE56E0000B8F3C7 /* StoreCell */ = {
			isa = PBXGroup;
			children = (
				896AF7072AE56E0700B8F3C7 /* StoreCellView.swift */,
				896AF7092AE56E4B00B8F3C7 /* StoreCell.swift */,
			);
			path = StoreCell;
			sourceTree = "<group>";
		};
		896AF70B2AE572B700B8F3C7 /* TitleHeader */ = {
			isa = PBXGroup;
			children = (
				896AF70C2AE572C100B8F3C7 /* TitleHeaderView.swift */,
				896AF70E2AE5731700B8F3C7 /* TitleHeader.swift */,
			);
			path = TitleHeader;
			sourceTree = "<group>";
		};
/* End PBXGroup section */

/* Begin PBXNativeTarget section */
		896AF6A22AE404FC00B8F3C7 /* Customizable Interface */ = {
			isa = PBXNativeTarget;
			buildConfigurationList = 896AF6B72AE404FE00B8F3C7 /* Build configuration list for PBXNativeTarget "Customizable Interface" */;
			buildPhases = (
				896AF69F2AE404FC00B8F3C7 /* Sources */,
				896AF6A02AE404FC00B8F3C7 /* Frameworks */,
				896AF6A12AE404FC00B8F3C7 /* Resources */,
			);
			buildRules = (
			);
			dependencies = (
			);
			name = "Customizable Interface";
			productName = "Customizable Interface";
			productReference = 896AF6A32AE404FC00B8F3C7 /* Customizable Interface.app */;
			productType = "com.apple.product-type.application";
		};
/* End PBXNativeTarget section */

/* Begin PBXProject section */
		896AF69B2AE404FC00B8F3C7 /* Project object */ = {
			isa = PBXProject;
			attributes = {
				BuildIndependentTargetsInParallel = 1;
				LastSwiftUpdateCheck = 1500;
				LastUpgradeCheck = 1500;
				TargetAttributes = {
					896AF6A22AE404FC00B8F3C7 = {
						CreatedOnToolsVersion = 15.0;
					};
				};
			};
			buildConfigurationList = 896AF69E2AE404FC00B8F3C7 /* Build configuration list for PBXProject "Customizable Interface" */;
			compatibilityVersion = "Xcode 14.0";
			developmentRegion = en;
			hasScannedForEncodings = 0;
			knownRegions = (
				en,
				Base,
			);
			mainGroup = 896AF69A2AE404FC00B8F3C7;
			productRefGroup = 896AF6A42AE404FC00B8F3C7 /* Products */;
			projectDirPath = "";
			projectRoot = "";
			targets = (
				896AF6A22AE404FC00B8F3C7 /* Customizable Interface */,
			);
		};
/* End PBXProject section */

/* Begin PBXResourcesBuildPhase section */
		896AF6A12AE404FC00B8F3C7 /* Resources */ = {
			isa = PBXResourcesBuildPhase;
			buildActionMask = 2147483647;
			files = (
				896AF6B32AE404FE00B8F3C7 /* LaunchScreen.storyboard in Resources */,
				896AF6F32AE48DC800B8F3C7 /* HomeModelData.json in Resources */,
				896AF6B02AE404FE00B8F3C7 /* Assets.xcassets in Resources */,
			);
			runOnlyForDeploymentPostprocessing = 0;
		};
/* End PBXResourcesBuildPhase section */

/* Begin PBXSourcesBuildPhase section */
		896AF69F2AE404FC00B8F3C7 /* Sources */ = {
			isa = PBXSourcesBuildPhase;
			buildActionMask = 2147483647;
			files = (
				896AF7032AE5678F00B8F3C7 /* BannerCellView.swift in Sources */,
				896AF70D2AE572C100B8F3C7 /* TitleHeaderView.swift in Sources */,
				896AF6AB2AE404FC00B8F3C7 /* HomeViewController.swift in Sources */,
				896AF6DE2AE41FC800B8F3C7 /* HomeLayoutSection-Protocol.swift in Sources */,
				896AF70A2AE56E4B00B8F3C7 /* StoreCell.swift in Sources */,
				896AF6A72AE404FC00B8F3C7 /* AppDelegate.swift in Sources */,
				896AF6E82AE4821400B8F3C7 /* MenuSection.swift in Sources */,
				896AF6FB2AE5391700B8F3C7 /* GenericCollectionViewCell.swift in Sources */,
				896AF6BC2AE407CE00B8F3C7 /* GenericViewController.swift in Sources */,
				896AF6D32AE4147D00B8F3C7 /* SectionModel.swift in Sources */,
				896AF7052AE567DD00B8F3C7 /* BannerCell.swift in Sources */,
				896AF6EA2AE4834600B8F3C7 /* StoresSection.swift in Sources */,
				896AF6D52AE4148A00B8F3C7 /* ProductModel.swift in Sources */,
				896AF6D12AE40FA100B8F3C7 /* HomeModel.swift in Sources */,
				896AF6CC2AE40BF800B8F3C7 /* UIView-layoutConstraints.swift in Sources */,
				896AF6E62AE480A600B8F3C7 /* MenuItemModel.swift in Sources */,
				896AF7082AE56E0700B8F3C7 /* StoreCellView.swift in Sources */,
				896AF6E22AE4399600B8F3C7 /* Optional-isEmptyOrNil.swift in Sources */,
				896AF6DB2AE414C300B8F3C7 /* HomeViewModel.swift in Sources */,
				896AF6F92AE538AD00B8F3C7 /* MenuItemCellView.swift in Sources */,
				896AF6E02AE4235600B8F3C7 /* ProductsSection.swift in Sources */,
				896AF6F02AE48BF700B8F3C7 /* Bundle-decode.swift in Sources */,
				896AF6C82AE409F200B8F3C7 /* HomeView.swift in Sources */,
				896AF7112AE5762F00B8F3C7 /* UIImage-resizeImage.swift in Sources */,
				896AF70F2AE5731700B8F3C7 /* TitleHeader.swift in Sources */,
				896AF6EE2AE483E100B8F3C7 /* PromotedSection.swift in Sources */,
				896AF6EC2AE4838900B8F3C7 /* OffersSection.swift in Sources */,
				896AF6E42AE47F6900B8F3C7 /* BannersSection.swift in Sources */,
				896AF6FD2AE5393200B8F3C7 /* GenericCollectionReusableView.swift in Sources */,
				896AF6A92AE404FC00B8F3C7 /* SceneDelegate.swift in Sources */,
				896AF7002AE539C500B8F3C7 /* MenuItemCell.swift in Sources */,
				896AF6D72AE4149A00B8F3C7 /* StoreModel.swift in Sources */,
			);
			runOnlyForDeploymentPostprocessing = 0;
		};
/* End PBXSourcesBuildPhase section */

/* Begin PBXVariantGroup section */
		896AF6B12AE404FE00B8F3C7 /* LaunchScreen.storyboard */ = {
			isa = PBXVariantGroup;
			children = (
				896AF6B22AE404FE00B8F3C7 /* Base */,
			);
			name = LaunchScreen.storyboard;
			sourceTree = "<group>";
		};
/* End PBXVariantGroup section */

/* Begin XCBuildConfiguration section */
		896AF6B52AE404FE00B8F3C7 /* Debug */ = {
			isa = XCBuildConfiguration;
			buildSettings = {
				ALWAYS_SEARCH_USER_PATHS = NO;
				ASSETCATALOG_COMPILER_GENERATE_SWIFT_ASSET_SYMBOL_EXTENSIONS = YES;
				CLANG_ANALYZER_NONNULL = YES;
				CLANG_ANALYZER_NUMBER_OBJECT_CONVERSION = YES_AGGRESSIVE;
				CLANG_CXX_LANGUAGE_STANDARD = "gnu++20";
				CLANG_ENABLE_MODULES = YES;
				CLANG_ENABLE_OBJC_ARC = YES;
				CLANG_ENABLE_OBJC_WEAK = YES;
				CLANG_WARN_BLOCK_CAPTURE_AUTORELEASING = YES;
				CLANG_WARN_BOOL_CONVERSION = YES;
				CLANG_WARN_COMMA = YES;
				CLANG_WARN_CONSTANT_CONVERSION = YES;
				CLANG_WARN_DEPRECATED_OBJC_IMPLEMENTATIONS = YES;
				CLANG_WARN_DIRECT_OBJC_ISA_USAGE = YES_ERROR;
				CLANG_WARN_DOCUMENTATION_COMMENTS = YES;
				CLANG_WARN_EMPTY_BODY = YES;
				CLANG_WARN_ENUM_CONVERSION = YES;
				CLANG_WARN_INFINITE_RECURSION = YES;
				CLANG_WARN_INT_CONVERSION = YES;
				CLANG_WARN_NON_LITERAL_NULL_CONVERSION = YES;
				CLANG_WARN_OBJC_IMPLICIT_RETAIN_SELF = YES;
				CLANG_WARN_OBJC_LITERAL_CONVERSION = YES;
				CLANG_WARN_OBJC_ROOT_CLASS = YES_ERROR;
				CLANG_WARN_QUOTED_INCLUDE_IN_FRAMEWORK_HEADER = YES;
				CLANG_WARN_RANGE_LOOP_ANALYSIS = YES;
				CLANG_WARN_STRICT_PROTOTYPES = YES;
				CLANG_WARN_SUSPICIOUS_MOVE = YES;
				CLANG_WARN_UNGUARDED_AVAILABILITY = YES_AGGRESSIVE;
				CLANG_WARN_UNREACHABLE_CODE = YES;
				CLANG_WARN__DUPLICATE_METHOD_MATCH = YES;
				COPY_PHASE_STRIP = NO;
				DEBUG_INFORMATION_FORMAT = dwarf;
				ENABLE_STRICT_OBJC_MSGSEND = YES;
				ENABLE_TESTABILITY = YES;
				ENABLE_USER_SCRIPT_SANDBOXING = YES;
				GCC_C_LANGUAGE_STANDARD = gnu17;
				GCC_DYNAMIC_NO_PIC = NO;
				GCC_NO_COMMON_BLOCKS = YES;
				GCC_OPTIMIZATION_LEVEL = 0;
				GCC_PREPROCESSOR_DEFINITIONS = (
					"DEBUG=1",
					"$(inherited)",
				);
				GCC_WARN_64_TO_32_BIT_CONVERSION = YES;
				GCC_WARN_ABOUT_RETURN_TYPE = YES_ERROR;
				GCC_WARN_UNDECLARED_SELECTOR = YES;
				GCC_WARN_UNINITIALIZED_AUTOS = YES_AGGRESSIVE;
				GCC_WARN_UNUSED_FUNCTION = YES;
				GCC_WARN_UNUSED_VARIABLE = YES;
				IPHONEOS_DEPLOYMENT_TARGET = 17.0;
				LOCALIZATION_PREFERS_STRING_CATALOGS = YES;
				MTL_ENABLE_DEBUG_INFO = INCLUDE_SOURCE;
				MTL_FAST_MATH = YES;
				ONLY_ACTIVE_ARCH = YES;
				SDKROOT = iphoneos;
				SWIFT_ACTIVE_COMPILATION_CONDITIONS = "DEBUG $(inherited)";
				SWIFT_OPTIMIZATION_LEVEL = "-Onone";
			};
			name = Debug;
		};
		896AF6B62AE404FE00B8F3C7 /* Release */ = {
			isa = XCBuildConfiguration;
			buildSettings = {
				ALWAYS_SEARCH_USER_PATHS = NO;
				ASSETCATALOG_COMPILER_GENERATE_SWIFT_ASSET_SYMBOL_EXTENSIONS = YES;
				CLANG_ANALYZER_NONNULL = YES;
				CLANG_ANALYZER_NUMBER_OBJECT_CONVERSION = YES_AGGRESSIVE;
				CLANG_CXX_LANGUAGE_STANDARD = "gnu++20";
				CLANG_ENABLE_MODULES = YES;
				CLANG_ENABLE_OBJC_ARC = YES;
				CLANG_ENABLE_OBJC_WEAK = YES;
				CLANG_WARN_BLOCK_CAPTURE_AUTORELEASING = YES;
				CLANG_WARN_BOOL_CONVERSION = YES;
				CLANG_WARN_COMMA = YES;
				CLANG_WARN_CONSTANT_CONVERSION = YES;
				CLANG_WARN_DEPRECATED_OBJC_IMPLEMENTATIONS = YES;
				CLANG_WARN_DIRECT_OBJC_ISA_USAGE = YES_ERROR;
				CLANG_WARN_DOCUMENTATION_COMMENTS = YES;
				CLANG_WARN_EMPTY_BODY = YES;
				CLANG_WARN_ENUM_CONVERSION = YES;
				CLANG_WARN_INFINITE_RECURSION = YES;
				CLANG_WARN_INT_CONVERSION = YES;
				CLANG_WARN_NON_LITERAL_NULL_CONVERSION = YES;
				CLANG_WARN_OBJC_IMPLICIT_RETAIN_SELF = YES;
				CLANG_WARN_OBJC_LITERAL_CONVERSION = YES;
				CLANG_WARN_OBJC_ROOT_CLASS = YES_ERROR;
				CLANG_WARN_QUOTED_INCLUDE_IN_FRAMEWORK_HEADER = YES;
				CLANG_WARN_RANGE_LOOP_ANALYSIS = YES;
				CLANG_WARN_STRICT_PROTOTYPES = YES;
				CLANG_WARN_SUSPICIOUS_MOVE = YES;
				CLANG_WARN_UNGUARDED_AVAILABILITY = YES_AGGRESSIVE;
				CLANG_WARN_UNREACHABLE_CODE = YES;
				CLANG_WARN__DUPLICATE_METHOD_MATCH = YES;
				COPY_PHASE_STRIP = NO;
				DEBUG_INFORMATION_FORMAT = "dwarf-with-dsym";
				ENABLE_NS_ASSERTIONS = NO;
				ENABLE_STRICT_OBJC_MSGSEND = YES;
				ENABLE_USER_SCRIPT_SANDBOXING = YES;
				GCC_C_LANGUAGE_STANDARD = gnu17;
				GCC_NO_COMMON_BLOCKS = YES;
				GCC_WARN_64_TO_32_BIT_CONVERSION = YES;
				GCC_WARN_ABOUT_RETURN_TYPE = YES_ERROR;
				GCC_WARN_UNDECLARED_SELECTOR = YES;
				GCC_WARN_UNINITIALIZED_AUTOS = YES_AGGRESSIVE;
				GCC_WARN_UNUSED_FUNCTION = YES;
				GCC_WARN_UNUSED_VARIABLE = YES;
				IPHONEOS_DEPLOYMENT_TARGET = 17.0;
				LOCALIZATION_PREFERS_STRING_CATALOGS = YES;
				MTL_ENABLE_DEBUG_INFO = NO;
				MTL_FAST_MATH = YES;
				SDKROOT = iphoneos;
				SWIFT_COMPILATION_MODE = wholemodule;
				VALIDATE_PRODUCT = YES;
			};
			name = Release;
		};
		896AF6B82AE404FE00B8F3C7 /* Debug */ = {
			isa = XCBuildConfiguration;
			buildSettings = {
				ASSETCATALOG_COMPILER_APPICON_NAME = AppIcon;
				ASSETCATALOG_COMPILER_GLOBAL_ACCENT_COLOR_NAME = AccentColor;
				CODE_SIGN_STYLE = Automatic;
				CURRENT_PROJECT_VERSION = 1;
				DEVELOPMENT_TEAM = TQ57RX8UM3;
				GENERATE_INFOPLIST_FILE = YES;
				INFOPLIST_FILE = "Customizable Interface/Info.plist";
				INFOPLIST_KEY_UIApplicationSupportsIndirectInputEvents = YES;
				INFOPLIST_KEY_UILaunchStoryboardName = LaunchScreen;
				INFOPLIST_KEY_UISupportedInterfaceOrientations = UIInterfaceOrientationPortrait;
				INFOPLIST_KEY_UISupportedInterfaceOrientations_iPad = "UIInterfaceOrientationPortrait UIInterfaceOrientationPortraitUpsideDown";
				IPHONEOS_DEPLOYMENT_TARGET = 14.4;
				LD_RUNPATH_SEARCH_PATHS = (
					"$(inherited)",
					"@executable_path/Frameworks",
				);
				MARKETING_VERSION = 1.0;
				PRODUCT_BUNDLE_IDENTIFIER = "abdulazizSi.Customizable-Interface";
				PRODUCT_NAME = "$(TARGET_NAME)";
				SUPPORTED_PLATFORMS = "iphoneos iphonesimulator";
				SUPPORTS_MACCATALYST = NO;
				SUPPORTS_MAC_DESIGNED_FOR_IPHONE_IPAD = NO;
				SWIFT_EMIT_LOC_STRINGS = YES;
				SWIFT_VERSION = 5.0;
				TARGETED_DEVICE_FAMILY = 1;
			};
			name = Debug;
		};
		896AF6B92AE404FE00B8F3C7 /* Release */ = {
			isa = XCBuildConfiguration;
			buildSettings = {
				ASSETCATALOG_COMPILER_APPICON_NAME = AppIcon;
				ASSETCATALOG_COMPILER_GLOBAL_ACCENT_COLOR_NAME = AccentColor;
				CODE_SIGN_STYLE = Automatic;
				CURRENT_PROJECT_VERSION = 1;
				DEVELOPMENT_TEAM = TQ57RX8UM3;
				GENERATE_INFOPLIST_FILE = YES;
				INFOPLIST_FILE = "Customizable Interface/Info.plist";
				INFOPLIST_KEY_UIApplicationSupportsIndirectInputEvents = YES;
				INFOPLIST_KEY_UILaunchStoryboardName = LaunchScreen;
				INFOPLIST_KEY_UISupportedInterfaceOrientations = UIInterfaceOrientationPortrait;
				INFOPLIST_KEY_UISupportedInterfaceOrientations_iPad = "UIInterfaceOrientationPortrait UIInterfaceOrientationPortraitUpsideDown";
				IPHONEOS_DEPLOYMENT_TARGET = 14.4;
				LD_RUNPATH_SEARCH_PATHS = (
					"$(inherited)",
					"@executable_path/Frameworks",
				);
				MARKETING_VERSION = 1.0;
				PRODUCT_BUNDLE_IDENTIFIER = "abdulazizSi.Customizable-Interface";
				PRODUCT_NAME = "$(TARGET_NAME)";
				SUPPORTED_PLATFORMS = "iphoneos iphonesimulator";
				SUPPORTS_MACCATALYST = NO;
				SUPPORTS_MAC_DESIGNED_FOR_IPHONE_IPAD = NO;
				SWIFT_EMIT_LOC_STRINGS = YES;
				SWIFT_VERSION = 5.0;
				TARGETED_DEVICE_FAMILY = 1;
			};
			name = Release;
		};
/* End XCBuildConfiguration section */

/* Begin XCConfigurationList section */
		896AF69E2AE404FC00B8F3C7 /* Build configuration list for PBXProject "Customizable Interface" */ = {
			isa = XCConfigurationList;
			buildConfigurations = (
				896AF6B52AE404FE00B8F3C7 /* Debug */,
				896AF6B62AE404FE00B8F3C7 /* Release */,
			);
			defaultConfigurationIsVisible = 0;
			defaultConfigurationName = Release;
		};
		896AF6B72AE404FE00B8F3C7 /* Build configuration list for PBXNativeTarget "Customizable Interface" */ = {
			isa = XCConfigurationList;
			buildConfigurations = (
				896AF6B82AE404FE00B8F3C7 /* Debug */,
				896AF6B92AE404FE00B8F3C7 /* Release */,
			);
			defaultConfigurationIsVisible = 0;
			defaultConfigurationName = Release;
		};
/* End XCConfigurationList section */
	};
	rootObject = 896AF69B2AE404FC00B8F3C7 /* Project object */;
}
